// !$*UTF8*$!
{
	archiveVersion = 1;
	classes = {
	};
	objectVersion = 48;
	objects = {

/* Begin PBXBuildFile section */
		813A102B48667DFD7E4326CE /* Pods_foovisor.framework in Frameworks */ = {isa = PBXBuildFile; fileRef = C39A51D7B38A659038EE1D02 /* Pods_foovisor.framework */; };
		E16AAF042005C7080049CB8A /* FoodTableViewCell.swift in Sources */ = {isa = PBXBuildFile; fileRef = E16AAF032005C7080049CB8A /* FoodTableViewCell.swift */; };
		E16AAF062005EF5B0049CB8A /* BrickTableViewCell.swift in Sources */ = {isa = PBXBuildFile; fileRef = E16AAF052005EF5B0049CB8A /* BrickTableViewCell.swift */; };
		E1A248DB2005AF69005AD1B2 /* Service.swift in Sources */ = {isa = PBXBuildFile; fileRef = E1A248D92005AF68005AD1B2 /* Service.swift */; };
		E1A248DC2005AF69005AD1B2 /* ServiceConst.swift in Sources */ = {isa = PBXBuildFile; fileRef = E1A248DA2005AF69005AD1B2 /* ServiceConst.swift */; };
		E1A248DF2005B158005AD1B2 /* Responses.swift in Sources */ = {isa = PBXBuildFile; fileRef = E1A248DD2005B158005AD1B2 /* Responses.swift */; };
		E1A248E22005B447005AD1B2 /* DataManager.swift in Sources */ = {isa = PBXBuildFile; fileRef = E1A248E12005B447005AD1B2 /* DataManager.swift */; };
		E1B0C1612005A2EF0030B511 /* AppDelegate.swift in Sources */ = {isa = PBXBuildFile; fileRef = E1B0C1602005A2EF0030B511 /* AppDelegate.swift */; };
		E1B0C1632005A2EF0030B511 /* ViewController.swift in Sources */ = {isa = PBXBuildFile; fileRef = E1B0C1622005A2EF0030B511 /* ViewController.swift */; };
		E1B0C1662005A2EF0030B511 /* Main.storyboard in Resources */ = {isa = PBXBuildFile; fileRef = E1B0C1642005A2EF0030B511 /* Main.storyboard */; };
		E1B0C1682005A2EF0030B511 /* Assets.xcassets in Resources */ = {isa = PBXBuildFile; fileRef = E1B0C1672005A2EF0030B511 /* Assets.xcassets */; };
		E1B0C16B2005A2EF0030B511 /* LaunchScreen.storyboard in Resources */ = {isa = PBXBuildFile; fileRef = E1B0C1692005A2EF0030B511 /* LaunchScreen.storyboard */; };
		E1B0C1732005ABB60030B511 /* FoodViewController.swift in Sources */ = {isa = PBXBuildFile; fileRef = E1B0C1722005ABB60030B511 /* FoodViewController.swift */; };
		E1B0C1752005ABC70030B511 /* BrickViewController.swift in Sources */ = {isa = PBXBuildFile; fileRef = E1B0C1742005ABC70030B511 /* BrickViewController.swift */; };
		E1B0C1772005ABD80030B511 /* OkViewController.swift in Sources */ = {isa = PBXBuildFile; fileRef = E1B0C1762005ABD80030B511 /* OkViewController.swift */; };
/* End PBXBuildFile section */

/* Begin PBXFileReference section */
		6C34DA44A515071AD5B2A65A /* Pods-foovisor.debug.xcconfig */ = {isa = PBXFileReference; includeInIndex = 1; lastKnownFileType = text.xcconfig; name = "Pods-foovisor.debug.xcconfig"; path = "Pods/Target Support Files/Pods-foovisor/Pods-foovisor.debug.xcconfig"; sourceTree = "<group>"; };
		9FCE95EE3AC3CB04178780D3 /* Pods-foovisor.release.xcconfig */ = {isa = PBXFileReference; includeInIndex = 1; lastKnownFileType = text.xcconfig; name = "Pods-foovisor.release.xcconfig"; path = "Pods/Target Support Files/Pods-foovisor/Pods-foovisor.release.xcconfig"; sourceTree = "<group>"; };
		C39A51D7B38A659038EE1D02 /* Pods_foovisor.framework */ = {isa = PBXFileReference; explicitFileType = wrapper.framework; includeInIndex = 0; path = Pods_foovisor.framework; sourceTree = BUILT_PRODUCTS_DIR; };
		E16AAF032005C7080049CB8A /* FoodTableViewCell.swift */ = {isa = PBXFileReference; lastKnownFileType = sourcecode.swift; path = FoodTableViewCell.swift; sourceTree = "<group>"; };
		E16AAF052005EF5B0049CB8A /* BrickTableViewCell.swift */ = {isa = PBXFileReference; lastKnownFileType = sourcecode.swift; path = BrickTableViewCell.swift; sourceTree = "<group>"; };
		E1A248D92005AF68005AD1B2 /* Service.swift */ = {isa = PBXFileReference; fileEncoding = 4; lastKnownFileType = sourcecode.swift; path = Service.swift; sourceTree = "<group>"; };
		E1A248DA2005AF69005AD1B2 /* ServiceConst.swift */ = {isa = PBXFileReference; fileEncoding = 4; lastKnownFileType = sourcecode.swift; path = ServiceConst.swift; sourceTree = "<group>"; };
		E1A248DD2005B158005AD1B2 /* Responses.swift */ = {isa = PBXFileReference; fileEncoding = 4; lastKnownFileType = sourcecode.swift; path = Responses.swift; sourceTree = "<group>"; };
		E1A248E12005B447005AD1B2 /* DataManager.swift */ = {isa = PBXFileReference; fileEncoding = 4; lastKnownFileType = sourcecode.swift; path = DataManager.swift; sourceTree = "<group>"; };
		E1B0C15D2005A2EF0030B511 /* foovisor.app */ = {isa = PBXFileReference; explicitFileType = wrapper.application; includeInIndex = 0; path = foovisor.app; sourceTree = BUILT_PRODUCTS_DIR; };
		E1B0C1602005A2EF0030B511 /* AppDelegate.swift */ = {isa = PBXFileReference; lastKnownFileType = sourcecode.swift; path = AppDelegate.swift; sourceTree = "<group>"; };
		E1B0C1622005A2EF0030B511 /* ViewController.swift */ = {isa = PBXFileReference; lastKnownFileType = sourcecode.swift; path = ViewController.swift; sourceTree = "<group>"; };
		E1B0C1652005A2EF0030B511 /* Base */ = {isa = PBXFileReference; lastKnownFileType = file.storyboard; name = Base; path = Base.lproj/Main.storyboard; sourceTree = "<group>"; };
		E1B0C1672005A2EF0030B511 /* Assets.xcassets */ = {isa = PBXFileReference; lastKnownFileType = folder.assetcatalog; path = Assets.xcassets; sourceTree = "<group>"; };
		E1B0C16A2005A2EF0030B511 /* Base */ = {isa = PBXFileReference; lastKnownFileType = file.storyboard; name = Base; path = Base.lproj/LaunchScreen.storyboard; sourceTree = "<group>"; };
		E1B0C16C2005A2EF0030B511 /* Info.plist */ = {isa = PBXFileReference; lastKnownFileType = text.plist.xml; path = Info.plist; sourceTree = "<group>"; };
		E1B0C1722005ABB60030B511 /* FoodViewController.swift */ = {isa = PBXFileReference; lastKnownFileType = sourcecode.swift; path = FoodViewController.swift; sourceTree = "<group>"; };
		E1B0C1742005ABC70030B511 /* BrickViewController.swift */ = {isa = PBXFileReference; lastKnownFileType = sourcecode.swift; path = BrickViewController.swift; sourceTree = "<group>"; };
		E1B0C1762005ABD80030B511 /* OkViewController.swift */ = {isa = PBXFileReference; lastKnownFileType = sourcecode.swift; path = OkViewController.swift; sourceTree = "<group>"; };
/* End PBXFileReference section */

/* Begin PBXFrameworksBuildPhase section */
		E1B0C15A2005A2EF0030B511 /* Frameworks */ = {
			isa = PBXFrameworksBuildPhase;
			buildActionMask = 2147483647;
			files = (
				813A102B48667DFD7E4326CE /* Pods_foovisor.framework in Frameworks */,
			);
			runOnlyForDeploymentPostprocessing = 0;
		};
/* End PBXFrameworksBuildPhase section */

/* Begin PBXGroup section */
		D13552A1AAD691153A14A4C5 /* Frameworks */ = {
			isa = PBXGroup;
			children = (
				C39A51D7B38A659038EE1D02 /* Pods_foovisor.framework */,
			);
			name = Frameworks;
			sourceTree = "<group>";
		};
		E1B0C1542005A2EF0030B511 = {
			isa = PBXGroup;
			children = (
				E1B0C15F2005A2EF0030B511 /* foovisor */,
				E1B0C15E2005A2EF0030B511 /* Products */,
				FA294B8CF176044F2314139F /* Pods */,
				D13552A1AAD691153A14A4C5 /* Frameworks */,
			);
			sourceTree = "<group>";
		};
		E1B0C15E2005A2EF0030B511 /* Products */ = {
			isa = PBXGroup;
			children = (
				E1B0C15D2005A2EF0030B511 /* foovisor.app */,
			);
			name = Products;
			sourceTree = "<group>";
		};
		E1B0C15F2005A2EF0030B511 /* foovisor */ = {
			isa = PBXGroup;
			children = (
				E1B0C1602005A2EF0030B511 /* AppDelegate.swift */,
				E1B0C1622005A2EF0030B511 /* ViewController.swift */,
				E1B0C1722005ABB60030B511 /* FoodViewController.swift */,
				E16AAF032005C7080049CB8A /* FoodTableViewCell.swift */,
				E1B0C1742005ABC70030B511 /* BrickViewController.swift */,
				E16AAF052005EF5B0049CB8A /* BrickTableViewCell.swift */,
				E1B0C1762005ABD80030B511 /* OkViewController.swift */,
				E1A248D92005AF68005AD1B2 /* Service.swift */,
				E1A248DA2005AF69005AD1B2 /* ServiceConst.swift */,
				E1A248DD2005B158005AD1B2 /* Responses.swift */,
				E1A248E12005B447005AD1B2 /* DataManager.swift */,
				E1B0C1642005A2EF0030B511 /* Main.storyboard */,
				E1B0C1672005A2EF0030B511 /* Assets.xcassets */,
				E1B0C1692005A2EF0030B511 /* LaunchScreen.storyboard */,
				E1B0C16C2005A2EF0030B511 /* Info.plist */,
			);
			path = foovisor;
			sourceTree = "<group>";
		};
		FA294B8CF176044F2314139F /* Pods */ = {
			isa = PBXGroup;
			children = (
				6C34DA44A515071AD5B2A65A /* Pods-foovisor.debug.xcconfig */,
				9FCE95EE3AC3CB04178780D3 /* Pods-foovisor.release.xcconfig */,
			);
			name = Pods;
			sourceTree = "<group>";
		};
/* End PBXGroup section */

/* Begin PBXNativeTarget section */
		E1B0C15C2005A2EF0030B511 /* foovisor */ = {
			isa = PBXNativeTarget;
			buildConfigurationList = E1B0C16F2005A2EF0030B511 /* Build configuration list for PBXNativeTarget "foovisor" */;
			buildPhases = (
				BB561FBFFCB1E092297A0CDD /* [CP] Check Pods Manifest.lock */,
				E1B0C1592005A2EF0030B511 /* Sources */,
				E1B0C15A2005A2EF0030B511 /* Frameworks */,
				E1B0C15B2005A2EF0030B511 /* Resources */,
				12B924DE06B316FC83E2D12A /* [CP] Embed Pods Frameworks */,
				D374EE51C0A98B0380F4CEED /* [CP] Copy Pods Resources */,
			);
			buildRules = (
			);
			dependencies = (
			);
			name = foovisor;
			productName = foovisor;
			productReference = E1B0C15D2005A2EF0030B511 /* foovisor.app */;
			productType = "com.apple.product-type.application";
		};
/* End PBXNativeTarget section */

/* Begin PBXProject section */
		E1B0C1552005A2EF0030B511 /* Project object */ = {
			isa = PBXProject;
			attributes = {
				LastSwiftUpdateCheck = 0920;
				LastUpgradeCheck = 0920;
				ORGANIZATIONNAME = "Abel Molnar";
				TargetAttributes = {
					E1B0C15C2005A2EF0030B511 = {
						CreatedOnToolsVersion = 9.2;
						ProvisioningStyle = Automatic;
					};
				};
			};
			buildConfigurationList = E1B0C1582005A2EF0030B511 /* Build configuration list for PBXProject "foovisor" */;
			compatibilityVersion = "Xcode 8.0";
			developmentRegion = en;
			hasScannedForEncodings = 0;
			knownRegions = (
				en,
				Base,
			);
			mainGroup = E1B0C1542005A2EF0030B511;
			productRefGroup = E1B0C15E2005A2EF0030B511 /* Products */;
			projectDirPath = "";
			projectRoot = "";
			targets = (
				E1B0C15C2005A2EF0030B511 /* foovisor */,
			);
		};
/* End PBXProject section */

/* Begin PBXResourcesBuildPhase section */
		E1B0C15B2005A2EF0030B511 /* Resources */ = {
			isa = PBXResourcesBuildPhase;
			buildActionMask = 2147483647;
			files = (
				E1B0C16B2005A2EF0030B511 /* LaunchScreen.storyboard in Resources */,
				E1B0C1682005A2EF0030B511 /* Assets.xcassets in Resources */,
				E1B0C1662005A2EF0030B511 /* Main.storyboard in Resources */,
			);
			runOnlyForDeploymentPostprocessing = 0;
		};
/* End PBXResourcesBuildPhase section */

/* Begin PBXShellScriptBuildPhase section */
		12B924DE06B316FC83E2D12A /* [CP] Embed Pods Frameworks */ = {
			isa = PBXShellScriptBuildPhase;
			buildActionMask = 2147483647;
			files = (
			);
			inputPaths = (
				"${SRCROOT}/Pods/Target Support Files/Pods-foovisor/Pods-foovisor-frameworks.sh",
				"${BUILT_PRODUCTS_DIR}/Alamofire/Alamofire.framework",
				"${BUILT_PRODUCTS_DIR}/AlamofireObjectMapper/AlamofireObjectMapper.framework",
				"${BUILT_PRODUCTS_DIR}/Kingfisher/Kingfisher.framework",
				"${BUILT_PRODUCTS_DIR}/MBProgressHUD/MBProgressHUD.framework",
				"${BUILT_PRODUCTS_DIR}/ObjectMapper/ObjectMapper.framework",
				"${BUILT_PRODUCTS_DIR}/UICircularProgressRing/UICircularProgressRing.framework",
			);
			name = "[CP] Embed Pods Frameworks";
			outputPaths = (
				"${TARGET_BUILD_DIR}/${FRAMEWORKS_FOLDER_PATH}/Alamofire.framework",
				"${TARGET_BUILD_DIR}/${FRAMEWORKS_FOLDER_PATH}/AlamofireObjectMapper.framework",
				"${TARGET_BUILD_DIR}/${FRAMEWORKS_FOLDER_PATH}/Kingfisher.framework",
				"${TARGET_BUILD_DIR}/${FRAMEWORKS_FOLDER_PATH}/MBProgressHUD.framework",
				"${TARGET_BUILD_DIR}/${FRAMEWORKS_FOLDER_PATH}/ObjectMapper.framework",
				"${TARGET_BUILD_DIR}/${FRAMEWORKS_FOLDER_PATH}/UICircularProgressRing.framework",
			);
			runOnlyForDeploymentPostprocessing = 0;
			shellPath = /bin/sh;
			shellScript = "\"${SRCROOT}/Pods/Target Support Files/Pods-foovisor/Pods-foovisor-frameworks.sh\"\n";
			showEnvVarsInLog = 0;
		};
		BB561FBFFCB1E092297A0CDD /* [CP] Check Pods Manifest.lock */ = {
			isa = PBXShellScriptBuildPhase;
			buildActionMask = 2147483647;
			files = (
			);
			inputPaths = (
				"${PODS_PODFILE_DIR_PATH}/Podfile.lock",
				"${PODS_ROOT}/Manifest.lock",
			);
			name = "[CP] Check Pods Manifest.lock";
			outputPaths = (
				"$(DERIVED_FILE_DIR)/Pods-foovisor-checkManifestLockResult.txt",
			);
			runOnlyForDeploymentPostprocessing = 0;
			shellPath = /bin/sh;
			shellScript = "diff \"${PODS_PODFILE_DIR_PATH}/Podfile.lock\" \"${PODS_ROOT}/Manifest.lock\" > /dev/null\nif [ $? != 0 ] ; then\n    # print error to STDERR\n    echo \"error: The sandbox is not in sync with the Podfile.lock. Run 'pod install' or update your CocoaPods installation.\" >&2\n    exit 1\nfi\n# This output is used by Xcode 'outputs' to avoid re-running this script phase.\necho \"SUCCESS\" > \"${SCRIPT_OUTPUT_FILE_0}\"\n";
			showEnvVarsInLog = 0;
		};
		D374EE51C0A98B0380F4CEED /* [CP] Copy Pods Resources */ = {
			isa = PBXShellScriptBuildPhase;
			buildActionMask = 2147483647;
			files = (
			);
			inputPaths = (
			);
			name = "[CP] Copy Pods Resources";
			outputPaths = (
			);
			runOnlyForDeploymentPostprocessing = 0;
			shellPath = /bin/sh;
			shellScript = "\"${SRCROOT}/Pods/Target Support Files/Pods-foovisor/Pods-foovisor-resources.sh\"\n";
			showEnvVarsInLog = 0;
		};
/* End PBXShellScriptBuildPhase section */

/* Begin PBXSourcesBuildPhase section */
		E1B0C1592005A2EF0030B511 /* Sources */ = {
			isa = PBXSourcesBuildPhase;
			buildActionMask = 2147483647;
			files = (
				E1B0C1632005A2EF0030B511 /* ViewController.swift in Sources */,
				E1B0C1732005ABB60030B511 /* FoodViewController.swift in Sources */,
				E1B0C1752005ABC70030B511 /* BrickViewController.swift in Sources */,
				E1B0C1772005ABD80030B511 /* OkViewController.swift in Sources */,
				E1A248DF2005B158005AD1B2 /* Responses.swift in Sources */,
				E1A248DC2005AF69005AD1B2 /* ServiceConst.swift in Sources */,
				E1B0C1612005A2EF0030B511 /* AppDelegate.swift in Sources */,
				E16AAF042005C7080049CB8A /* FoodTableViewCell.swift in Sources */,
				E16AAF062005EF5B0049CB8A /* BrickTableViewCell.swift in Sources */,
				E1A248E22005B447005AD1B2 /* DataManager.swift in Sources */,
				E1A248DB2005AF69005AD1B2 /* Service.swift in Sources */,
			);
			runOnlyForDeploymentPostprocessing = 0;
		};
/* End PBXSourcesBuildPhase section */

/* Begin PBXVariantGroup section */
		E1B0C1642005A2EF0030B511 /* Main.storyboard */ = {
			isa = PBXVariantGroup;
			children = (
				E1B0C1652005A2EF0030B511 /* Base */,
			);
			name = Main.storyboard;
			sourceTree = "<group>";
		};
		E1B0C1692005A2EF0030B511 /* LaunchScreen.storyboard */ = {
			isa = PBXVariantGroup;
			children = (
				E1B0C16A2005A2EF0030B511 /* Base */,
			);
			name = LaunchScreen.storyboard;
			sourceTree = "<group>";
		};
/* End PBXVariantGroup section */

/* Begin XCBuildConfiguration section */
		E1B0C16D2005A2EF0030B511 /* Debug */ = {
			isa = XCBuildConfiguration;
			buildSettings = {
				ALWAYS_SEARCH_USER_PATHS = NO;
				CLANG_ANALYZER_NONNULL = YES;
				CLANG_ANALYZER_NUMBER_OBJECT_CONVERSION = YES_AGGRESSIVE;
				CLANG_CXX_LANGUAGE_STANDARD = "gnu++14";
				CLANG_CXX_LIBRARY = "libc++";
				CLANG_ENABLE_MODULES = YES;
				CLANG_ENABLE_OBJC_ARC = YES;
				CLANG_WARN_BLOCK_CAPTURE_AUTORELEASING = YES;
				CLANG_WARN_BOOL_CONVERSION = YES;
				CLANG_WARN_COMMA = YES;
				CLANG_WARN_CONSTANT_CONVERSION = YES;
				CLANG_WARN_DIRECT_OBJC_ISA_USAGE = YES_ERROR;
				CLANG_WARN_DOCUMENTATION_COMMENTS = YES;
				CLANG_WARN_EMPTY_BODY = YES;
				CLANG_WARN_ENUM_CONVERSION = YES;
				CLANG_WARN_INFINITE_RECURSION = YES;
				CLANG_WARN_INT_CONVERSION = YES;
				CLANG_WARN_NON_LITERAL_NULL_CONVERSION = YES;
				CLANG_WARN_OBJC_LITERAL_CONVERSION = YES;
				CLANG_WARN_OBJC_ROOT_CLASS = YES_ERROR;
				CLANG_WARN_RANGE_LOOP_ANALYSIS = YES;
				CLANG_WARN_STRICT_PROTOTYPES = YES;
				CLANG_WARN_SUSPICIOUS_MOVE = YES;
				CLANG_WARN_UNGUARDED_AVAILABILITY = YES_AGGRESSIVE;
				CLANG_WARN_UNREACHABLE_CODE = YES;
				CLANG_WARN__DUPLICATE_METHOD_MATCH = YES;
				CODE_SIGN_IDENTITY = "iPhone Developer";
				COPY_PHASE_STRIP = NO;
				DEBUG_INFORMATION_FORMAT = dwarf;
				ENABLE_STRICT_OBJC_MSGSEND = YES;
				ENABLE_TESTABILITY = YES;
				GCC_C_LANGUAGE_STANDARD = gnu11;
				GCC_DYNAMIC_NO_PIC = NO;
				GCC_NO_COMMON_BLOCKS = YES;
				GCC_OPTIMIZATION_LEVEL = 0;
				GCC_PREPROCESSOR_DEFINITIONS = (
					"DEBUG=1",
					"$(inherited)",
				);
				GCC_WARN_64_TO_32_BIT_CONVERSION = YES;
				GCC_WARN_ABOUT_RETURN_TYPE = YES_ERROR;
				GCC_WARN_UNDECLARED_SELECTOR = YES;
				GCC_WARN_UNINITIALIZED_AUTOS = YES_AGGRESSIVE;
				GCC_WARN_UNUSED_FUNCTION = YES;
				GCC_WARN_UNUSED_VARIABLE = YES;
				IPHONEOS_DEPLOYMENT_TARGET = 11.2;
				MTL_ENABLE_DEBUG_INFO = YES;
				ONLY_ACTIVE_ARCH = YES;
				SDKROOT = iphoneos;
				SWIFT_ACTIVE_COMPILATION_CONDITIONS = DEBUG;
				SWIFT_OPTIMIZATION_LEVEL = "-Onone";
			};
			name = Debug;
		};
		E1B0C16E2005A2EF0030B511 /* Release */ = {
			isa = XCBuildConfiguration;
			buildSettings = {
				ALWAYS_SEARCH_USER_PATHS = NO;
				CLANG_ANALYZER_NONNULL = YES;
				CLANG_ANALYZER_NUMBER_OBJECT_CONVERSION = YES_AGGRESSIVE;
				CLANG_CXX_LANGUAGE_STANDARD = "gnu++14";
				CLANG_CXX_LIBRARY = "libc++";
				CLANG_ENABLE_MODULES = YES;
				CLANG_ENABLE_OBJC_ARC = YES;
				CLANG_WARN_BLOCK_CAPTURE_AUTORELEASING = YES;
				CLANG_WARN_BOOL_CONVERSION = YES;
				CLANG_WARN_COMMA = YES;
				CLANG_WARN_CONSTANT_CONVERSION = YES;
				CLANG_WARN_DIRECT_OBJC_ISA_USAGE = YES_ERROR;
				CLANG_WARN_DOCUMENTATION_COMMENTS = YES;
				CLANG_WARN_EMPTY_BODY = YES;
				CLANG_WARN_ENUM_CONVERSION = YES;
				CLANG_WARN_INFINITE_RECURSION = YES;
				CLANG_WARN_INT_CONVERSION = YES;
				CLANG_WARN_NON_LITERAL_NULL_CONVERSION = YES;
				CLANG_WARN_OBJC_LITERAL_CONVERSION = YES;
				CLANG_WARN_OBJC_ROOT_CLASS = YES_ERROR;
				CLANG_WARN_RANGE_LOOP_ANALYSIS = YES;
				CLANG_WARN_STRICT_PROTOTYPES = YES;
				CLANG_WARN_SUSPICIOUS_MOVE = YES;
				CLANG_WARN_UNGUARDED_AVAILABILITY = YES_AGGRESSIVE;
				CLANG_WARN_UNREACHABLE_CODE = YES;
				CLANG_WARN__DUPLICATE_METHOD_MATCH = YES;
				CODE_SIGN_IDENTITY = "iPhone Developer";
				COPY_PHASE_STRIP = NO;
				DEBUG_INFORMATION_FORMAT = "dwarf-with-dsym";
				ENABLE_NS_ASSERTIONS = NO;
				ENABLE_STRICT_OBJC_MSGSEND = YES;
				GCC_C_LANGUAGE_STANDARD = gnu11;
				GCC_NO_COMMON_BLOCKS = YES;
				GCC_WARN_64_TO_32_BIT_CONVERSION = YES;
				GCC_WARN_ABOUT_RETURN_TYPE = YES_ERROR;
				GCC_WARN_UNDECLARED_SELECTOR = YES;
				GCC_WARN_UNINITIALIZED_AUTOS = YES_AGGRESSIVE;
				GCC_WARN_UNUSED_FUNCTION = YES;
				GCC_WARN_UNUSED_VARIABLE = YES;
				IPHONEOS_DEPLOYMENT_TARGET = 11.2;
				MTL_ENABLE_DEBUG_INFO = NO;
				SDKROOT = iphoneos;
				SWIFT_OPTIMIZATION_LEVEL = "-Owholemodule";
				VALIDATE_PRODUCT = YES;
			};
			name = Release;
		};
		E1B0C1702005A2EF0030B511 /* Debug */ = {
			isa = XCBuildConfiguration;
			baseConfigurationReference = 6C34DA44A515071AD5B2A65A /* Pods-foovisor.debug.xcconfig */;
			buildSettings = {
				ASSETCATALOG_COMPILER_APPICON_NAME = AppIcon;
				CODE_SIGN_STYLE = Automatic;
				DEVELOPMENT_TEAM = GF2ZQ63TY9;
				INFOPLIST_FILE = foovisor/Info.plist;
				LD_RUNPATH_SEARCH_PATHS = "$(inherited) @executable_path/Frameworks";
				PRODUCT_BUNDLE_IDENTIFIER = com.abelcapable.foovisor;
				PRODUCT_NAME = "$(TARGET_NAME)";
				SWIFT_VERSION = 4.0;
				TARGETED_DEVICE_FAMILY = "1,2";
			};
			name = Debug;
		};
		E1B0C1712005A2EF0030B511 /* Release */ = {
			isa = XCBuildConfiguration;
			baseConfigurationReference = 9FCE95EE3AC3CB04178780D3 /* Pods-foovisor.release.xcconfig */;
			buildSettings = {
				ASSETCATALOG_COMPILER_APPICON_NAME = AppIcon;
				CODE_SIGN_STYLE = Automatic;
				DEVELOPMENT_TEAM = GF2ZQ63TY9;
				INFOPLIST_FILE = foovisor/Info.plist;
				LD_RUNPATH_SEARCH_PATHS = "$(inherited) @executable_path/Frameworks";
				PRODUCT_BUNDLE_IDENTIFIER = com.abelcapable.foovisor;
				PRODUCT_NAME = "$(TARGET_NAME)";
				SWIFT_VERSION = 4.0;
				TARGETED_DEVICE_FAMILY = "1,2";
			};
			name = Release;
		};
/* End XCBuildConfiguration section */

/* Begin XCConfigurationList section */
		E1B0C1582005A2EF0030B511 /* Build configuration list for PBXProject "foovisor" */ = {
			isa = XCConfigurationList;
			buildConfigurations = (
				E1B0C16D2005A2EF0030B511 /* Debug */,
				E1B0C16E2005A2EF0030B511 /* Release */,
			);
			defaultConfigurationIsVisible = 0;
			defaultConfigurationName = Release;
		};
		E1B0C16F2005A2EF0030B511 /* Build configuration list for PBXNativeTarget "foovisor" */ = {
			isa = XCConfigurationList;
			buildConfigurations = (
				E1B0C1702005A2EF0030B511 /* Debug */,
				E1B0C1712005A2EF0030B511 /* Release */,
			);
			defaultConfigurationIsVisible = 0;
			defaultConfigurationName = Release;
		};
/* End XCConfigurationList section */
	};
	rootObject = E1B0C1552005A2EF0030B511 /* Project object */;
}
